
Microsoft Visual Studio Solution File, Format Version 12.00
# Visual Studio Version 16
VisualStudioVersion = 16.0.30225.117
MinimumVisualStudioVersion = 10.0.40219.1
Project("{FAE04EC0-301F-11D3-BF4B-00C04F79EFBC}") = "t0001", "t0001\t0001.csproj", "{BA9FC38C-54F9-4C6F-89A8-744B8413B91B}"
EndProject
Global
	GlobalSection(SolutionConfigurationPlatforms) = preSolution
		Debug|Any CPU = Debug|Any CPU
		Release|Any CPU = Release|Any CPU
	EndGlobalSection
	GlobalSection(ProjectConfigurationPlatforms) = postSolution
		{BA9FC38C-54F9-4C6F-89A8-744B8413B91B}.Debug|Any CPU.ActiveCfg = Debug|Any CPU
		{BA9FC38C-54F9-4C6F-89A8-744B8413B91B}.Debug|Any CPU.Build.0 = Debug|Any CPU
		{BA9FC38C-54F9-4C6F-89A8-744B8413B91B}.Release|Any CPU.ActiveCfg = Release|Any CPU
		{BA9FC38C-54F9-4C6F-89A8-744B8413B91B}.Release|Any CPU.Build.0 = Release|Any CPU
	EndGlobalSection
	GlobalSection(SolutionProperties) = preSolution
		HideSolutionNode = FALSE
	EndGlobalSection
	GlobalSection(ExtensibilityGlobals) = postSolution
		SolutionGuid = {0F665B65-2232-44F9-A42C-9B75273088FB}
	EndGlobalSection
EndGlobal
