
Microsoft Visual Studio Solution File, Format Version 12.00
# Visual Studio Version 16
VisualStudioVersion = 16.0.30225.117
MinimumVisualStudioVersion = 10.0.40219.1
Project("{FAE04EC0-301F-11D3-BF4B-00C04F79EFBC}") = "FFFFTMPL", "FFFFTMPL\FFFFTMPL.csproj", "{F6371F22-CABB-4A2A-B06A-391BE88AD9F5}"
EndProject
Global
	GlobalSection(SolutionConfigurationPlatforms) = preSolution
		Debug|Any CPU = Debug|Any CPU
		Release|Any CPU = Release|Any CPU
	EndGlobalSection
	GlobalSection(ProjectConfigurationPlatforms) = postSolution
		{F6371F22-CABB-4A2A-B06A-391BE88AD9F5}.Debug|Any CPU.ActiveCfg = Debug|Any CPU
		{F6371F22-CABB-4A2A-B06A-391BE88AD9F5}.Debug|Any CPU.Build.0 = Debug|Any CPU
		{F6371F22-CABB-4A2A-B06A-391BE88AD9F5}.Release|Any CPU.ActiveCfg = Release|Any CPU
		{F6371F22-CABB-4A2A-B06A-391BE88AD9F5}.Release|Any CPU.Build.0 = Release|Any CPU
	EndGlobalSection
	GlobalSection(SolutionProperties) = preSolution
		HideSolutionNode = FALSE
	EndGlobalSection
	GlobalSection(ExtensibilityGlobals) = postSolution
		SolutionGuid = {A01FEB9E-A9A7-4501-80CD-F8CF0E14D470}
	EndGlobalSection
EndGlobal
